
Microsoft Visual Studio Solution File, Format Version 12.00
# Visual Studio Version 17
VisualStudioVersion = 17.8.34309.116
MinimumVisualStudioVersion = 10.0.40219.1
Project("{FAE04EC0-301F-11D3-BF4B-00C04F79EFBC}") = "TiTacToe", "TiTacToe\TiTacToe.csproj", "{7F46B8F5-F371-4243-B624-96C35669D44E}"
EndProject
Global
	GlobalSection(SolutionConfigurationPlatforms) = preSolution
		Debug|Any CPU = Debug|Any CPU
		Release|Any CPU = Release|Any CPU
	EndGlobalSection
	GlobalSection(ProjectConfigurationPlatforms) = postSolution
		{7F46B8F5-F371-4243-B624-96C35669D44E}.Debug|Any CPU.ActiveCfg = Debug|Any CPU
		{7F46B8F5-F371-4243-B624-96C35669D44E}.Debug|Any CPU.Build.0 = Debug|Any CPU
		{7F46B8F5-F371-4243-B624-96C35669D44E}.Release|Any CPU.ActiveCfg = Release|Any CPU
		{7F46B8F5-F371-4243-B624-96C35669D44E}.Release|Any CPU.Build.0 = Release|Any CPU
	EndGlobalSection
	GlobalSection(SolutionProperties) = preSolution
		HideSolutionNode = FALSE
	EndGlobalSection
	GlobalSection(ExtensibilityGlobals) = postSolution
		SolutionGuid = {2302EDF2-12C8-4041-B516-F04B8BFC8051}
	EndGlobalSection
EndGlobal
